{
  "name": "ranVps",
  "version": "1.0.0",
  "lockfileVersion": 1,
  "requires": true,
  "dependencies": {
    "generate-password": {
      "version": "1.6.1",
      "resolved": "https://registry.npmjs.org/generate-password/-/generate-password-1.6.1.tgz",
      "integrity": "sha512-JvtWSiN4KVmF6kBFi89Uz9LLN7l/EuGZYiKrIxddFlKcjSgc3D3va0Z5faooNwN85O0VBlt/ZtTdqhbQKhAOyw=="
    },
    "random-username-generator": {
      "version": "1.0.4",
      "resolved": "https://registry.npmjs.org/random-username-generator/-/random-username-generator-1.0.4.tgz",
      "integrity": "sha1-BaOmKkl77wz6p6hQ54IreWmEins="
    }
  }
}
